Microsoft Visual Studio Solution File, Format Version 12.00
# Visual Studio Version 17
VisualStudioVersion = 17.5.2.0
MinimumVisualStudioVersion = 10.0.40219.1
Project("{FAE04EC0-301F-11D3-BF4B-00C04F79EFBC}") = "TopBrains", "TopBrains.csproj", "{78A6D221-491B-B0AA-7142-6DABBEC16894}"
EndProject
Global
	GlobalSection(SolutionConfigurationPlatforms) = preSolution
		Debug|Any CPU = Debug|Any CPU
		Release|Any CPU = Release|Any CPU
	EndGlobalSection
	GlobalSection(ProjectConfigurationPlatforms) = postSolution
		{78A6D221-491B-B0AA-7142-6DABBEC16894}.Debug|Any CPU.ActiveCfg = Debug|Any CPU
		{78A6D221-491B-B0AA-7142-6DABBEC16894}.Debug|Any CPU.Build.0 = Debug|Any CPU
		{78A6D221-491B-B0AA-7142-6DABBEC16894}.Release|Any CPU.ActiveCfg = Release|Any CPU
		{78A6D221-491B-B0AA-7142-6DABBEC16894}.Release|Any CPU.Build.0 = Release|Any CPU
	EndGlobalSection
	GlobalSection(SolutionProperties) = preSolution
		HideSolutionNode = FALSE
	EndGlobalSection
	GlobalSection(ExtensibilityGlobals) = postSolution
		SolutionGuid = {26555EF0-7685-444E-B29C-0466240C882B}
	EndGlobalSection
EndGlobal
